{
  "name": "tsproj",
  "version": "1.0.0",
  "lockfileVersion": 3,
  "requires": true,
  "packages": {
    "": {
      "name": "tsproj",
      "version": "1.0.0",
      "dependencies": {
        "@types/mocha": "^7.0.1",
        "@types/react": "^15.6.6",
        "@types/react-reconciler": "^0.18.0"
      },
      "devDependencies": {
        "typescript": "^4.7.4"
      }
    },
    "node_modules/@types/mocha": {
      "version": "7.0.2",
      "license": "MIT"
    },
    "node_modules/@types/react": {
      "version": "15.6.28",
      "license": "MIT"
    },
    "node_modules/@types/react-reconciler": {
      "version": "0.18.0",
      "license": "MIT",
      "dependencies": {
        "@types/react": "*"
      }
    },
    "node_modules/typescript": {
      "version": "4.7.4",
      "resolved": "https://registry.npmjs.org/typescript/-/typescript-4.7.4.tgz",
      "integrity": "sha512-C0WQT0gezHuw6AdY1M2jxUO83Rjf0HP7Sk1DtXj6j1EwkQNZrHAg2XPWlq62oqEhYvONq5pkC2Y9oPljWToLmQ==",
      "dev": true,
      "bin": {
        "tsc": "bin/tsc",
        "tsserver": "bin/tsserver"
      },
      "engines": {
        "node": ">=4.2.0"
      }
    }
  }
}
